
Microsoft Visual Studio Solution File, Format Version 12.00
Project("{FAE04EC0-301F-11D3-BF4B-00C04F79EFBC}") = "WebApp", "WebApp\WebApp.csproj", "{E099BEA5-2C9B-4868-B2FA-0F10FEFB5D9F}"
EndProject
Project("{2150E333-8FDC-42A3-9474-1A3956D46DE8}") = "BASE", "BASE", "{DAD89618-36AB-47B5-9144-B652696EEED3}"
EndProject
Project("{2150E333-8FDC-42A3-9474-1A3956D46DE8}") = "APP", "APP", "{E0A49160-1F91-48E3-BFD0-1FE650C2A6E6}"
EndProject
Project("{2150E333-8FDC-42A3-9474-1A3956D46DE8}") = "!Solution Items", "!Solution Items", "{DD971581-CCE1-4FB4-9079-E85857ACCBF0}"
	ProjectSection(SolutionItems) = preProject
		Directory.Build.props = Directory.Build.props
		README.md = README.md
	EndProjectSection
EndProject
Project("{FAE04EC0-301F-11D3-BF4B-00C04F79EFBC}") = "Base.Domain", "Base.Domain\Base.Domain.csproj", "{A256092A-DF64-4779-9F73-CD670434F57F}"
EndProject
Project("{FAE04EC0-301F-11D3-BF4B-00C04F79EFBC}") = "Base.Contracts", "Base.Contracts\Base.Contracts.csproj", "{266D62CF-06A6-419E-88E5-8D205CFEC5CA}"
EndProject
Project("{FAE04EC0-301F-11D3-BF4B-00C04F79EFBC}") = "Base.DAL.Contracts", "Base.DAL.Contracts\Base.DAL.Contracts.csproj", "{88CF4B34-EBFC-407A-8B04-6F58448052E2}"
EndProject
Project("{FAE04EC0-301F-11D3-BF4B-00C04F79EFBC}") = "Base.DAL.EF", "Base.DAL.EF\Base.DAL.EF.csproj", "{E6513B26-190E-4957-93D5-80B60DF31A52}"
EndProject
Project("{FAE04EC0-301F-11D3-BF4B-00C04F79EFBC}") = "Base.Helpers", "Base.Helpers\Base.Helpers.csproj", "{6CEF1577-4236-4D3B-881F-3FEF3AAEE6F1}"
EndProject
Project("{FAE04EC0-301F-11D3-BF4B-00C04F79EFBC}") = "App.Domain.EF", "App.Domain.EF\App.Domain.EF.csproj", "{842DA1AA-64BF-44F5-8FC1-6D74F39F33B2}"
EndProject
Project("{FAE04EC0-301F-11D3-BF4B-00C04F79EFBC}") = "App.DAL.DTO", "App.DAL.DTO\App.DAL.DTO.csproj", "{0A8AA9C8-4266-4D53-901F-1DC29E439FC1}"
EndProject
Project("{FAE04EC0-301F-11D3-BF4B-00C04F79EFBC}") = "App.DAL.Contracts", "App.DAL.Contracts\App.DAL.Contracts.csproj", "{353E8640-6009-4589-AE8A-57A802AA4E08}"
EndProject
Project("{FAE04EC0-301F-11D3-BF4B-00C04F79EFBC}") = "App.DAL", "App.DAL\App.DAL.csproj", "{4A432683-76CD-44B2-8354-EAC2CE4EA2A8}"
EndProject
Project("{FAE04EC0-301F-11D3-BF4B-00C04F79EFBC}") = "App.DTO", "App.DTO\App.DTO.csproj", "{12731F68-5FD4-488B-B008-2B312770DA2B}"
EndProject
Global
	GlobalSection(SolutionConfigurationPlatforms) = preSolution
		Debug|Any CPU = Debug|Any CPU
		Release|Any CPU = Release|Any CPU
	EndGlobalSection
	GlobalSection(ProjectConfigurationPlatforms) = postSolution
		{E099BEA5-2C9B-4868-B2FA-0F10FEFB5D9F}.Debug|Any CPU.ActiveCfg = Debug|Any CPU
		{E099BEA5-2C9B-4868-B2FA-0F10FEFB5D9F}.Debug|Any CPU.Build.0 = Debug|Any CPU
		{E099BEA5-2C9B-4868-B2FA-0F10FEFB5D9F}.Release|Any CPU.ActiveCfg = Release|Any CPU
		{E099BEA5-2C9B-4868-B2FA-0F10FEFB5D9F}.Release|Any CPU.Build.0 = Release|Any CPU
		{A256092A-DF64-4779-9F73-CD670434F57F}.Debug|Any CPU.ActiveCfg = Debug|Any CPU
		{A256092A-DF64-4779-9F73-CD670434F57F}.Debug|Any CPU.Build.0 = Debug|Any CPU
		{A256092A-DF64-4779-9F73-CD670434F57F}.Release|Any CPU.ActiveCfg = Release|Any CPU
		{A256092A-DF64-4779-9F73-CD670434F57F}.Release|Any CPU.Build.0 = Release|Any CPU
		{266D62CF-06A6-419E-88E5-8D205CFEC5CA}.Debug|Any CPU.ActiveCfg = Debug|Any CPU
		{266D62CF-06A6-419E-88E5-8D205CFEC5CA}.Debug|Any CPU.Build.0 = Debug|Any CPU
		{266D62CF-06A6-419E-88E5-8D205CFEC5CA}.Release|Any CPU.ActiveCfg = Release|Any CPU
		{266D62CF-06A6-419E-88E5-8D205CFEC5CA}.Release|Any CPU.Build.0 = Release|Any CPU
		{88CF4B34-EBFC-407A-8B04-6F58448052E2}.Debug|Any CPU.ActiveCfg = Debug|Any CPU
		{88CF4B34-EBFC-407A-8B04-6F58448052E2}.Debug|Any CPU.Build.0 = Debug|Any CPU
		{88CF4B34-EBFC-407A-8B04-6F58448052E2}.Release|Any CPU.ActiveCfg = Release|Any CPU
		{88CF4B34-EBFC-407A-8B04-6F58448052E2}.Release|Any CPU.Build.0 = Release|Any CPU
		{E6513B26-190E-4957-93D5-80B60DF31A52}.Debug|Any CPU.ActiveCfg = Debug|Any CPU
		{E6513B26-190E-4957-93D5-80B60DF31A52}.Debug|Any CPU.Build.0 = Debug|Any CPU
		{E6513B26-190E-4957-93D5-80B60DF31A52}.Release|Any CPU.ActiveCfg = Release|Any CPU
		{E6513B26-190E-4957-93D5-80B60DF31A52}.Release|Any CPU.Build.0 = Release|Any CPU
		{6CEF1577-4236-4D3B-881F-3FEF3AAEE6F1}.Debug|Any CPU.ActiveCfg = Debug|Any CPU
		{6CEF1577-4236-4D3B-881F-3FEF3AAEE6F1}.Debug|Any CPU.Build.0 = Debug|Any CPU
		{6CEF1577-4236-4D3B-881F-3FEF3AAEE6F1}.Release|Any CPU.ActiveCfg = Release|Any CPU
		{6CEF1577-4236-4D3B-881F-3FEF3AAEE6F1}.Release|Any CPU.Build.0 = Release|Any CPU
		{842DA1AA-64BF-44F5-8FC1-6D74F39F33B2}.Debug|Any CPU.ActiveCfg = Debug|Any CPU
		{842DA1AA-64BF-44F5-8FC1-6D74F39F33B2}.Debug|Any CPU.Build.0 = Debug|Any CPU
		{842DA1AA-64BF-44F5-8FC1-6D74F39F33B2}.Release|Any CPU.ActiveCfg = Release|Any CPU
		{842DA1AA-64BF-44F5-8FC1-6D74F39F33B2}.Release|Any CPU.Build.0 = Release|Any CPU
		{0A8AA9C8-4266-4D53-901F-1DC29E439FC1}.Debug|Any CPU.ActiveCfg = Debug|Any CPU
		{0A8AA9C8-4266-4D53-901F-1DC29E439FC1}.Debug|Any CPU.Build.0 = Debug|Any CPU
		{0A8AA9C8-4266-4D53-901F-1DC29E439FC1}.Release|Any CPU.ActiveCfg = Release|Any CPU
		{0A8AA9C8-4266-4D53-901F-1DC29E439FC1}.Release|Any CPU.Build.0 = Release|Any CPU
		{353E8640-6009-4589-AE8A-57A802AA4E08}.Debug|Any CPU.ActiveCfg = Debug|Any CPU
		{353E8640-6009-4589-AE8A-57A802AA4E08}.Debug|Any CPU.Build.0 = Debug|Any CPU
		{353E8640-6009-4589-AE8A-57A802AA4E08}.Release|Any CPU.ActiveCfg = Release|Any CPU
		{353E8640-6009-4589-AE8A-57A802AA4E08}.Release|Any CPU.Build.0 = Release|Any CPU
		{4A432683-76CD-44B2-8354-EAC2CE4EA2A8}.Debug|Any CPU.ActiveCfg = Debug|Any CPU
		{4A432683-76CD-44B2-8354-EAC2CE4EA2A8}.Debug|Any CPU.Build.0 = Debug|Any CPU
		{4A432683-76CD-44B2-8354-EAC2CE4EA2A8}.Release|Any CPU.ActiveCfg = Release|Any CPU
		{4A432683-76CD-44B2-8354-EAC2CE4EA2A8}.Release|Any CPU.Build.0 = Release|Any CPU
		{12731F68-5FD4-488B-B008-2B312770DA2B}.Debug|Any CPU.ActiveCfg = Debug|Any CPU
		{12731F68-5FD4-488B-B008-2B312770DA2B}.Debug|Any CPU.Build.0 = Debug|Any CPU
		{12731F68-5FD4-488B-B008-2B312770DA2B}.Release|Any CPU.ActiveCfg = Release|Any CPU
		{12731F68-5FD4-488B-B008-2B312770DA2B}.Release|Any CPU.Build.0 = Release|Any CPU
	EndGlobalSection
	GlobalSection(NestedProjects) = preSolution
		{E099BEA5-2C9B-4868-B2FA-0F10FEFB5D9F} = {E0A49160-1F91-48E3-BFD0-1FE650C2A6E6}
		{A256092A-DF64-4779-9F73-CD670434F57F} = {DAD89618-36AB-47B5-9144-B652696EEED3}
		{266D62CF-06A6-419E-88E5-8D205CFEC5CA} = {DAD89618-36AB-47B5-9144-B652696EEED3}
		{88CF4B34-EBFC-407A-8B04-6F58448052E2} = {DAD89618-36AB-47B5-9144-B652696EEED3}
		{E6513B26-190E-4957-93D5-80B60DF31A52} = {DAD89618-36AB-47B5-9144-B652696EEED3}
		{6CEF1577-4236-4D3B-881F-3FEF3AAEE6F1} = {DAD89618-36AB-47B5-9144-B652696EEED3}
		{842DA1AA-64BF-44F5-8FC1-6D74F39F33B2} = {E0A49160-1F91-48E3-BFD0-1FE650C2A6E6}
		{0A8AA9C8-4266-4D53-901F-1DC29E439FC1} = {E0A49160-1F91-48E3-BFD0-1FE650C2A6E6}
		{353E8640-6009-4589-AE8A-57A802AA4E08} = {E0A49160-1F91-48E3-BFD0-1FE650C2A6E6}
		{4A432683-76CD-44B2-8354-EAC2CE4EA2A8} = {E0A49160-1F91-48E3-BFD0-1FE650C2A6E6}
		{12731F68-5FD4-488B-B008-2B312770DA2B} = {E0A49160-1F91-48E3-BFD0-1FE650C2A6E6}
	EndGlobalSection
EndGlobal
